// !$*UTF8*$!
{
	archiveVersion = 1;
	classes = {
	};
	objectVersion = 46;
	objects = {

/* Begin PBXBuildFile section */
		855602E81BE162D3007DEB0E /* budget.h in Sources */ = {isa = PBXBuildFile; fileRef = 855602E71BE162D3007DEB0E /* budget.h */; };
		855602EA1BE16413007DEB0E /* budget.cpp in Sources */ = {isa = PBXBuildFile; fileRef = 855602E91BE16413007DEB0E /* budget.cpp */; };
		855602EC1BE164D1007DEB0E /* budget2_staticFunctions.cpp in Sources */ = {isa = PBXBuildFile; fileRef = 855602EB1BE164D1007DEB0E /* budget2_staticFunctions.cpp */; };
		855602EF1BE16ED7007DEB0E /* Auxil.cpp in Sources */ = {isa = PBXBuildFile; fileRef = 855602EE1BE16ED7007DEB0E /* Auxil.cpp */; };
/* End PBXBuildFile section */

/* Begin PBXCopyFilesBuildPhase section */
		855602D91BE08615007DEB0E /* CopyFiles */ = {
			isa = PBXCopyFilesBuildPhase;
			buildActionMask = 2147483647;
			dstPath = /usr/share/man/man1/;
			dstSubfolderSpec = 0;
			files = (
			);
			runOnlyForDeploymentPostprocessing = 1;
		};
/* End PBXCopyFilesBuildPhase section */

/* Begin PBXFileReference section */
		855602DB1BE08615007DEB0E /* Week 11 */ = {isa = PBXFileReference; explicitFileType = "compiled.mach-o.executable"; includeInIndex = 0; path = "Week 11"; sourceTree = BUILT_PRODUCTS_DIR; };
		855602DE1BE08615007DEB0E /* class_staticVariables.cpp */ = {isa = PBXFileReference; lastKnownFileType = sourcecode.cpp.cpp; path = class_staticVariables.cpp; sourceTree = "<group>"; };
		855602E51BE15BC6007DEB0E /* budget_staticVariables.cpp */ = {isa = PBXFileReference; fileEncoding = 4; lastKnownFileType = sourcecode.cpp.cpp; path = budget_staticVariables.cpp; sourceTree = "<group>"; };
		855602E71BE162D3007DEB0E /* budget.h */ = {isa = PBXFileReference; fileEncoding = 4; lastKnownFileType = sourcecode.c.h; path = budget.h; sourceTree = "<group>"; };
		855602E91BE16413007DEB0E /* budget.cpp */ = {isa = PBXFileReference; fileEncoding = 4; lastKnownFileType = sourcecode.cpp.cpp; path = budget.cpp; sourceTree = "<group>"; };
		855602EB1BE164D1007DEB0E /* budget2_staticFunctions.cpp */ = {isa = PBXFileReference; fileEncoding = 4; lastKnownFileType = sourcecode.cpp.cpp; path = budget2_staticFunctions.cpp; sourceTree = "<group>"; wrapsLines = 0; };
		855602ED1BE16DCE007DEB0E /* Auxil.h */ = {isa = PBXFileReference; fileEncoding = 4; lastKnownFileType = sourcecode.c.h; path = Auxil.h; sourceTree = "<group>"; };
		855602EE1BE16ED7007DEB0E /* Auxil.cpp */ = {isa = PBXFileReference; fileEncoding = 4; lastKnownFileType = sourcecode.cpp.cpp; path = Auxil.cpp; sourceTree = "<group>"; };
/* End PBXFileReference section */

/* Begin PBXFrameworksBuildPhase section */
		855602D81BE08615007DEB0E /* Frameworks */ = {
			isa = PBXFrameworksBuildPhase;
			buildActionMask = 2147483647;
			files = (
			);
			runOnlyForDeploymentPostprocessing = 0;
		};
/* End PBXFrameworksBuildPhase section */

/* Begin PBXGroup section */
		855602D21BE08615007DEB0E = {
			isa = PBXGroup;
			children = (
				855602DD1BE08615007DEB0E /* Week 11 */,
				855602DC1BE08615007DEB0E /* Products */,
			);
			sourceTree = "<group>";
		};
		855602DC1BE08615007DEB0E /* Products */ = {
			isa = PBXGroup;
			children = (
				855602DB1BE08615007DEB0E /* Week 11 */,
			);
			name = Products;
			sourceTree = "<group>";
		};
		855602DD1BE08615007DEB0E /* Week 11 */ = {
			isa = PBXGroup;
			children = (
				855602DE1BE08615007DEB0E /* class_staticVariables.cpp */,
				855602E51BE15BC6007DEB0E /* budget_staticVariables.cpp */,
				855602E71BE162D3007DEB0E /* budget.h */,
				855602ED1BE16DCE007DEB0E /* Auxil.h */,
				855602EE1BE16ED7007DEB0E /* Auxil.cpp */,
				855602E91BE16413007DEB0E /* budget.cpp */,
				855602EB1BE164D1007DEB0E /* budget2_staticFunctions.cpp */,
			);
			path = "Week 11";
			sourceTree = "<group>";
		};
/* End PBXGroup section */

/* Begin PBXNativeTarget section */
		855602DA1BE08615007DEB0E /* Week 11 */ = {
			isa = PBXNativeTarget;
			buildConfigurationList = 855602E21BE08615007DEB0E /* Build configuration list for PBXNativeTarget "Week 11" */;
			buildPhases = (
				855602D71BE08615007DEB0E /* Sources */,
				855602D81BE08615007DEB0E /* Frameworks */,
				855602D91BE08615007DEB0E /* CopyFiles */,
			);
			buildRules = (
			);
			dependencies = (
			);
			name = "Week 11";
			productName = "Week 11";
			productReference = 855602DB1BE08615007DEB0E /* Week 11 */;
			productType = "com.apple.product-type.tool";
		};
/* End PBXNativeTarget section */

/* Begin PBXProject section */
		855602D31BE08615007DEB0E /* Project object */ = {
			isa = PBXProject;
			attributes = {
				LastUpgradeCheck = 0620;
				ORGANIZATIONNAME = "Chris Bastian";
				TargetAttributes = {
					855602DA1BE08615007DEB0E = {
						CreatedOnToolsVersion = 6.2;
					};
				};
			};
			buildConfigurationList = 855602D61BE08615007DEB0E /* Build configuration list for PBXProject "Week 11" */;
			compatibilityVersion = "Xcode 3.2";
			developmentRegion = English;
			hasScannedForEncodings = 0;
			knownRegions = (
				en,
			);
			mainGroup = 855602D21BE08615007DEB0E;
			productRefGroup = 855602DC1BE08615007DEB0E /* Products */;
			projectDirPath = "";
			projectRoot = "";
			targets = (
				855602DA1BE08615007DEB0E /* Week 11 */,
			);
		};
/* End PBXProject section */

/* Begin PBXSourcesBuildPhase section */
		855602D71BE08615007DEB0E /* Sources */ = {
			isa = PBXSourcesBuildPhase;
			buildActionMask = 2147483647;
			files = (
				855602EA1BE16413007DEB0E /* budget.cpp in Sources */,
				855602EF1BE16ED7007DEB0E /* Auxil.cpp in Sources */,
				855602EC1BE164D1007DEB0E /* budget2_staticFunctions.cpp in Sources */,
				855602E81BE162D3007DEB0E /* budget.h in Sources */,
			);
			runOnlyForDeploymentPostprocessing = 0;
		};
/* End PBXSourcesBuildPhase section */

/* Begin XCBuildConfiguration section */
		855602E01BE08615007DEB0E /* Debug */ = {
			isa = XCBuildConfiguration;
			buildSettings = {
				ALWAYS_SEARCH_USER_PATHS = NO;
				CLANG_CXX_LANGUAGE_STANDARD = "gnu++0x";
				CLANG_CXX_LIBRARY = "libc++";
				CLANG_ENABLE_MODULES = YES;
				CLANG_ENABLE_OBJC_ARC = YES;
				CLANG_WARN_BOOL_CONVERSION = YES;
				CLANG_WARN_CONSTANT_CONVERSION = YES;
				CLANG_WARN_DIRECT_OBJC_ISA_USAGE = YES_ERROR;
				CLANG_WARN_EMPTY_BODY = YES;
				CLANG_WARN_ENUM_CONVERSION = YES;
				CLANG_WARN_INT_CONVERSION = YES;
				CLANG_WARN_OBJC_ROOT_CLASS = YES_ERROR;
				CLANG_WARN_UNREACHABLE_CODE = YES;
				CLANG_WARN__DUPLICATE_METHOD_MATCH = YES;
				COPY_PHASE_STRIP = NO;
				ENABLE_STRICT_OBJC_MSGSEND = YES;
				GCC_C_LANGUAGE_STANDARD = gnu99;
				GCC_DYNAMIC_NO_PIC = NO;
				GCC_OPTIMIZATION_LEVEL = 0;
				GCC_PREPROCESSOR_DEFINITIONS = (
					"DEBUG=1",
					"$(inherited)",
				);
				GCC_SYMBOLS_PRIVATE_EXTERN = NO;
				GCC_WARN_64_TO_32_BIT_CONVERSION = YES;
				GCC_WARN_ABOUT_RETURN_TYPE = YES_ERROR;
				GCC_WARN_UNDECLARED_SELECTOR = YES;
				GCC_WARN_UNINITIALIZED_AUTOS = YES_AGGRESSIVE;
				GCC_WARN_UNUSED_FUNCTION = YES;
				GCC_WARN_UNUSED_VARIABLE = YES;
				MACOSX_DEPLOYMENT_TARGET = 10.9;
				MTL_ENABLE_DEBUG_INFO = YES;
				ONLY_ACTIVE_ARCH = YES;
				SDKROOT = macosx;
			};
			name = Debug;
		};
		855602E11BE08615007DEB0E /* Release */ = {
			isa = XCBuildConfiguration;
			buildSettings = {
				ALWAYS_SEARCH_USER_PATHS = NO;
				CLANG_CXX_LANGUAGE_STANDARD = "gnu++0x";
				CLANG_CXX_LIBRARY = "libc++";
				CLANG_ENABLE_MODULES = YES;
				CLANG_ENABLE_OBJC_ARC = YES;
				CLANG_WARN_BOOL_CONVERSION = YES;
				CLANG_WARN_CONSTANT_CONVERSION = YES;
				CLANG_WARN_DIRECT_OBJC_ISA_USAGE = YES_ERROR;
				CLANG_WARN_EMPTY_BODY = YES;
				CLANG_WARN_ENUM_CONVERSION = YES;
				CLANG_WARN_INT_CONVERSION = YES;
				CLANG_WARN_OBJC_ROOT_CLASS = YES_ERROR;
				CLANG_WARN_UNREACHABLE_CODE = YES;
				CLANG_WARN__DUPLICATE_METHOD_MATCH = YES;
				COPY_PHASE_STRIP = NO;
				DEBUG_INFORMATION_FORMAT = "dwarf-with-dsym";
				ENABLE_NS_ASSERTIONS = NO;
				ENABLE_STRICT_OBJC_MSGSEND = YES;
				GCC_C_LANGUAGE_STANDARD = gnu99;
				GCC_WARN_64_TO_32_BIT_CONVERSION = YES;
				GCC_WARN_ABOUT_RETURN_TYPE = YES_ERROR;
				GCC_WARN_UNDECLARED_SELECTOR = YES;
				GCC_WARN_UNINITIALIZED_AUTOS = YES_AGGRESSIVE;
				GCC_WARN_UNUSED_FUNCTION = YES;
				GCC_WARN_UNUSED_VARIABLE = YES;
				MACOSX_DEPLOYMENT_TARGET = 10.9;
				MTL_ENABLE_DEBUG_INFO = NO;
				SDKROOT = macosx;
			};
			name = Release;
		};
		855602E31BE08615007DEB0E /* Debug */ = {
			isa = XCBuildConfiguration;
			buildSettings = {
				PRODUCT_NAME = "$(TARGET_NAME)";
			};
			name = Debug;
		};
		855602E41BE08615007DEB0E /* Release */ = {
			isa = XCBuildConfiguration;
			buildSettings = {
				PRODUCT_NAME = "$(TARGET_NAME)";
			};
			name = Release;
		};
/* End XCBuildConfiguration section */

/* Begin XCConfigurationList section */
		855602D61BE08615007DEB0E /* Build configuration list for PBXProject "Week 11" */ = {
			isa = XCConfigurationList;
			buildConfigurations = (
				855602E01BE08615007DEB0E /* Debug */,
				855602E11BE08615007DEB0E /* Release */,
			);
			defaultConfigurationIsVisible = 0;
			defaultConfigurationName = Release;
		};
		855602E21BE08615007DEB0E /* Build configuration list for PBXNativeTarget "Week 11" */ = {
			isa = XCConfigurationList;
			buildConfigurations = (
				855602E31BE08615007DEB0E /* Debug */,
				855602E41BE08615007DEB0E /* Release */,
			);
			defaultConfigurationIsVisible = 0;
		};
/* End XCConfigurationList section */
	};
	rootObject = 855602D31BE08615007DEB0E /* Project object */;
}
