// !$*UTF8*$!
{
	archiveVersion = 1;
	classes = {
	};
	objectVersion = 46;
	objects = {

/* Begin PBXBuildFile section */
		85113CEF1C0A876F00A90278 /* Creature.cpp in Sources */ = {isa = PBXBuildFile; fileRef = 85113CEE1C0A876F00A90278 /* Creature.cpp */; };
		85113CF61C0AD64500A90278 /* Creaturetest.cpp in Sources */ = {isa = PBXBuildFile; fileRef = 85113CF51C0AD64500A90278 /* Creaturetest.cpp */; };
/* End PBXBuildFile section */

/* Begin PBXCopyFilesBuildPhase section */
		85113CCA1C0A2FD700A90278 /* CopyFiles */ = {
			isa = PBXCopyFilesBuildPhase;
			buildActionMask = 2147483647;
			dstPath = /usr/share/man/man1/;
			dstSubfolderSpec = 0;
			files = (
			);
			runOnlyForDeploymentPostprocessing = 1;
		};
/* End PBXCopyFilesBuildPhase section */

/* Begin PBXFileReference section */
		85113CCC1C0A2FD700A90278 /* Week 15 */ = {isa = PBXFileReference; explicitFileType = "compiled.mach-o.executable"; includeInIndex = 0; path = "Week 15"; sourceTree = BUILT_PRODUCTS_DIR; };
		85113CCF1C0A2FD700A90278 /* GradedActivity.cpp */ = {isa = PBXFileReference; lastKnownFileType = sourcecode.cpp.cpp; path = GradedActivity.cpp; sourceTree = "<group>"; };
		85113CD61C0A495600A90278 /* GradedActivity.h */ = {isa = PBXFileReference; lastKnownFileType = sourcecode.c.h; path = GradedActivity.h; sourceTree = "<group>"; };
		85113CD71C0A4F9E00A90278 /* GradedActivityTest.cpp */ = {isa = PBXFileReference; fileEncoding = 4; lastKnownFileType = sourcecode.cpp.cpp; path = GradedActivityTest.cpp; sourceTree = "<group>"; };
		85113CD91C0A513F00A90278 /* FinalExam.h */ = {isa = PBXFileReference; lastKnownFileType = sourcecode.c.h; path = FinalExam.h; sourceTree = "<group>"; };
		85113CDA1C0A54CE00A90278 /* FinalExam.cpp */ = {isa = PBXFileReference; fileEncoding = 4; lastKnownFileType = sourcecode.cpp.cpp; path = FinalExam.cpp; sourceTree = "<group>"; };
		85113CDC1C0A686F00A90278 /* FinalExamTest.cpp */ = {isa = PBXFileReference; fileEncoding = 4; lastKnownFileType = sourcecode.cpp.cpp; path = FinalExamTest.cpp; sourceTree = "<group>"; };
		85113CDF1C0A6D0B00A90278 /* FinalExamTest2.cpp */ = {isa = PBXFileReference; fileEncoding = 4; lastKnownFileType = sourcecode.cpp.cpp; path = FinalExamTest2.cpp; sourceTree = "<group>"; };
		85113CE31C0A751100A90278 /* RectangleTest.cpp */ = {isa = PBXFileReference; fileEncoding = 4; lastKnownFileType = sourcecode.cpp.cpp; path = RectangleTest.cpp; sourceTree = "<group>"; };
		85113CE71C0A7A0C00A90278 /* Rectangle.h */ = {isa = PBXFileReference; lastKnownFileType = sourcecode.c.h; path = Rectangle.h; sourceTree = "<group>"; };
		85113CE81C0A7A5F00A90278 /* Cube.h */ = {isa = PBXFileReference; lastKnownFileType = sourcecode.c.h; path = Cube.h; sourceTree = "<group>"; };
		85113CE91C0A7F9600A90278 /* CurvedActivity.h */ = {isa = PBXFileReference; lastKnownFileType = sourcecode.c.h; path = CurvedActivity.h; sourceTree = "<group>"; };
		85113CEA1C0A81CD00A90278 /* CurvedActivityTest.cpp */ = {isa = PBXFileReference; fileEncoding = 4; lastKnownFileType = sourcecode.cpp.cpp; path = CurvedActivityTest.cpp; sourceTree = "<group>"; };
		85113CED1C0A872C00A90278 /* Creature.h */ = {isa = PBXFileReference; lastKnownFileType = sourcecode.c.h; path = Creature.h; sourceTree = "<group>"; };
		85113CEE1C0A876F00A90278 /* Creature.cpp */ = {isa = PBXFileReference; fileEncoding = 4; lastKnownFileType = sourcecode.cpp.cpp; path = Creature.cpp; sourceTree = "<group>"; };
		85113CF01C0A908100A90278 /* Demon.h */ = {isa = PBXFileReference; fileEncoding = 4; lastKnownFileType = sourcecode.c.h; path = Demon.h; sourceTree = "<group>"; };
		85113CF11C0A912C00A90278 /* Elf.h */ = {isa = PBXFileReference; lastKnownFileType = sourcecode.c.h; path = Elf.h; sourceTree = "<group>"; };
		85113CF21C0A914F00A90278 /* Human.h */ = {isa = PBXFileReference; lastKnownFileType = sourcecode.c.h; path = Human.h; sourceTree = "<group>"; };
		85113CF31C0AC67900A90278 /* Cyberdemon.h */ = {isa = PBXFileReference; lastKnownFileType = sourcecode.c.h; path = Cyberdemon.h; sourceTree = "<group>"; };
		85113CF41C0AC6E200A90278 /* Balrog.h */ = {isa = PBXFileReference; lastKnownFileType = sourcecode.c.h; path = Balrog.h; sourceTree = "<group>"; };
		85113CF51C0AD64500A90278 /* Creaturetest.cpp */ = {isa = PBXFileReference; fileEncoding = 4; lastKnownFileType = sourcecode.cpp.cpp; path = Creaturetest.cpp; sourceTree = "<group>"; };
/* End PBXFileReference section */

/* Begin PBXFrameworksBuildPhase section */
		85113CC91C0A2FD700A90278 /* Frameworks */ = {
			isa = PBXFrameworksBuildPhase;
			buildActionMask = 2147483647;
			files = (
			);
			runOnlyForDeploymentPostprocessing = 0;
		};
/* End PBXFrameworksBuildPhase section */

/* Begin PBXGroup section */
		85113CC31C0A2FD700A90278 = {
			isa = PBXGroup;
			children = (
				85113CCE1C0A2FD700A90278 /* Week 15 */,
				85113CCD1C0A2FD700A90278 /* Products */,
			);
			sourceTree = "<group>";
		};
		85113CCD1C0A2FD700A90278 /* Products */ = {
			isa = PBXGroup;
			children = (
				85113CCC1C0A2FD700A90278 /* Week 15 */,
			);
			name = Products;
			sourceTree = "<group>";
		};
		85113CCE1C0A2FD700A90278 /* Week 15 */ = {
			isa = PBXGroup;
			children = (
				85113CE71C0A7A0C00A90278 /* Rectangle.h */,
				85113CE81C0A7A5F00A90278 /* Cube.h */,
				85113CE31C0A751100A90278 /* RectangleTest.cpp */,
				85113CD61C0A495600A90278 /* GradedActivity.h */,
				85113CE91C0A7F9600A90278 /* CurvedActivity.h */,
				85113CD91C0A513F00A90278 /* FinalExam.h */,
				85113CDA1C0A54CE00A90278 /* FinalExam.cpp */,
				85113CCF1C0A2FD700A90278 /* GradedActivity.cpp */,
				85113CD71C0A4F9E00A90278 /* GradedActivityTest.cpp */,
				85113CDC1C0A686F00A90278 /* FinalExamTest.cpp */,
				85113CDF1C0A6D0B00A90278 /* FinalExamTest2.cpp */,
				85113CEA1C0A81CD00A90278 /* CurvedActivityTest.cpp */,
				85113CED1C0A872C00A90278 /* Creature.h */,
				85113CF21C0A914F00A90278 /* Human.h */,
				85113CF11C0A912C00A90278 /* Elf.h */,
				85113CF01C0A908100A90278 /* Demon.h */,
				85113CF31C0AC67900A90278 /* Cyberdemon.h */,
				85113CF41C0AC6E200A90278 /* Balrog.h */,
				85113CEE1C0A876F00A90278 /* Creature.cpp */,
				85113CF51C0AD64500A90278 /* Creaturetest.cpp */,
			);
			path = "Week 15";
			sourceTree = "<group>";
		};
/* End PBXGroup section */

/* Begin PBXNativeTarget section */
		85113CCB1C0A2FD700A90278 /* Week 15 */ = {
			isa = PBXNativeTarget;
			buildConfigurationList = 85113CD31C0A2FD700A90278 /* Build configuration list for PBXNativeTarget "Week 15" */;
			buildPhases = (
				85113CC81C0A2FD700A90278 /* Sources */,
				85113CC91C0A2FD700A90278 /* Frameworks */,
				85113CCA1C0A2FD700A90278 /* CopyFiles */,
			);
			buildRules = (
			);
			dependencies = (
			);
			name = "Week 15";
			productName = "Week 15";
			productReference = 85113CCC1C0A2FD700A90278 /* Week 15 */;
			productType = "com.apple.product-type.tool";
		};
/* End PBXNativeTarget section */

/* Begin PBXProject section */
		85113CC41C0A2FD700A90278 /* Project object */ = {
			isa = PBXProject;
			attributes = {
				LastUpgradeCheck = 0620;
				ORGANIZATIONNAME = "Chris Bastian";
				TargetAttributes = {
					85113CCB1C0A2FD700A90278 = {
						CreatedOnToolsVersion = 6.2;
					};
				};
			};
			buildConfigurationList = 85113CC71C0A2FD700A90278 /* Build configuration list for PBXProject "Week 15" */;
			compatibilityVersion = "Xcode 3.2";
			developmentRegion = English;
			hasScannedForEncodings = 0;
			knownRegions = (
				en,
			);
			mainGroup = 85113CC31C0A2FD700A90278;
			productRefGroup = 85113CCD1C0A2FD700A90278 /* Products */;
			projectDirPath = "";
			projectRoot = "";
			targets = (
				85113CCB1C0A2FD700A90278 /* Week 15 */,
			);
		};
/* End PBXProject section */

/* Begin PBXSourcesBuildPhase section */
		85113CC81C0A2FD700A90278 /* Sources */ = {
			isa = PBXSourcesBuildPhase;
			buildActionMask = 2147483647;
			files = (
				85113CF61C0AD64500A90278 /* Creaturetest.cpp in Sources */,
				85113CEF1C0A876F00A90278 /* Creature.cpp in Sources */,
			);
			runOnlyForDeploymentPostprocessing = 0;
		};
/* End PBXSourcesBuildPhase section */

/* Begin XCBuildConfiguration section */
		85113CD11C0A2FD700A90278 /* Debug */ = {
			isa = XCBuildConfiguration;
			buildSettings = {
				ALWAYS_SEARCH_USER_PATHS = NO;
				CLANG_CXX_LANGUAGE_STANDARD = "gnu++0x";
				CLANG_CXX_LIBRARY = "libc++";
				CLANG_ENABLE_MODULES = YES;
				CLANG_ENABLE_OBJC_ARC = YES;
				CLANG_WARN_BOOL_CONVERSION = YES;
				CLANG_WARN_CONSTANT_CONVERSION = YES;
				CLANG_WARN_DIRECT_OBJC_ISA_USAGE = YES_ERROR;
				CLANG_WARN_EMPTY_BODY = YES;
				CLANG_WARN_ENUM_CONVERSION = YES;
				CLANG_WARN_INT_CONVERSION = YES;
				CLANG_WARN_OBJC_ROOT_CLASS = YES_ERROR;
				CLANG_WARN_UNREACHABLE_CODE = YES;
				CLANG_WARN__DUPLICATE_METHOD_MATCH = YES;
				COPY_PHASE_STRIP = NO;
				ENABLE_STRICT_OBJC_MSGSEND = YES;
				GCC_C_LANGUAGE_STANDARD = gnu99;
				GCC_DYNAMIC_NO_PIC = NO;
				GCC_OPTIMIZATION_LEVEL = 0;
				GCC_PREPROCESSOR_DEFINITIONS = (
					"DEBUG=1",
					"$(inherited)",
				);
				GCC_SYMBOLS_PRIVATE_EXTERN = NO;
				GCC_WARN_64_TO_32_BIT_CONVERSION = YES;
				GCC_WARN_ABOUT_RETURN_TYPE = YES_ERROR;
				GCC_WARN_UNDECLARED_SELECTOR = YES;
				GCC_WARN_UNINITIALIZED_AUTOS = YES_AGGRESSIVE;
				GCC_WARN_UNUSED_FUNCTION = YES;
				GCC_WARN_UNUSED_VARIABLE = YES;
				MACOSX_DEPLOYMENT_TARGET = 10.9;
				MTL_ENABLE_DEBUG_INFO = YES;
				ONLY_ACTIVE_ARCH = YES;
				SDKROOT = macosx;
			};
			name = Debug;
		};
		85113CD21C0A2FD700A90278 /* Release */ = {
			isa = XCBuildConfiguration;
			buildSettings = {
				ALWAYS_SEARCH_USER_PATHS = NO;
				CLANG_CXX_LANGUAGE_STANDARD = "gnu++0x";
				CLANG_CXX_LIBRARY = "libc++";
				CLANG_ENABLE_MODULES = YES;
				CLANG_ENABLE_OBJC_ARC = YES;
				CLANG_WARN_BOOL_CONVERSION = YES;
				CLANG_WARN_CONSTANT_CONVERSION = YES;
				CLANG_WARN_DIRECT_OBJC_ISA_USAGE = YES_ERROR;
				CLANG_WARN_EMPTY_BODY = YES;
				CLANG_WARN_ENUM_CONVERSION = YES;
				CLANG_WARN_INT_CONVERSION = YES;
				CLANG_WARN_OBJC_ROOT_CLASS = YES_ERROR;
				CLANG_WARN_UNREACHABLE_CODE = YES;
				CLANG_WARN__DUPLICATE_METHOD_MATCH = YES;
				COPY_PHASE_STRIP = NO;
				DEBUG_INFORMATION_FORMAT = "dwarf-with-dsym";
				ENABLE_NS_ASSERTIONS = NO;
				ENABLE_STRICT_OBJC_MSGSEND = YES;
				GCC_C_LANGUAGE_STANDARD = gnu99;
				GCC_WARN_64_TO_32_BIT_CONVERSION = YES;
				GCC_WARN_ABOUT_RETURN_TYPE = YES_ERROR;
				GCC_WARN_UNDECLARED_SELECTOR = YES;
				GCC_WARN_UNINITIALIZED_AUTOS = YES_AGGRESSIVE;
				GCC_WARN_UNUSED_FUNCTION = YES;
				GCC_WARN_UNUSED_VARIABLE = YES;
				MACOSX_DEPLOYMENT_TARGET = 10.9;
				MTL_ENABLE_DEBUG_INFO = NO;
				SDKROOT = macosx;
			};
			name = Release;
		};
		85113CD41C0A2FD700A90278 /* Debug */ = {
			isa = XCBuildConfiguration;
			buildSettings = {
				PRODUCT_NAME = "$(TARGET_NAME)";
			};
			name = Debug;
		};
		85113CD51C0A2FD700A90278 /* Release */ = {
			isa = XCBuildConfiguration;
			buildSettings = {
				PRODUCT_NAME = "$(TARGET_NAME)";
			};
			name = Release;
		};
/* End XCBuildConfiguration section */

/* Begin XCConfigurationList section */
		85113CC71C0A2FD700A90278 /* Build configuration list for PBXProject "Week 15" */ = {
			isa = XCConfigurationList;
			buildConfigurations = (
				85113CD11C0A2FD700A90278 /* Debug */,
				85113CD21C0A2FD700A90278 /* Release */,
			);
			defaultConfigurationIsVisible = 0;
			defaultConfigurationName = Release;
		};
		85113CD31C0A2FD700A90278 /* Build configuration list for PBXNativeTarget "Week 15" */ = {
			isa = XCConfigurationList;
			buildConfigurations = (
				85113CD41C0A2FD700A90278 /* Debug */,
				85113CD51C0A2FD700A90278 /* Release */,
			);
			defaultConfigurationIsVisible = 0;
		};
/* End XCConfigurationList section */
	};
	rootObject = 85113CC41C0A2FD700A90278 /* Project object */;
}
