// !$*UTF8*$!
{
	archiveVersion = 1;
	classes = {
	};
	objectVersion = 46;
	objects = {

/* Begin PBXBuildFile section */
		8500C4481BC23B0600C538BC /* a7.cpp in Sources */ = {isa = PBXBuildFile; fileRef = 8500C4451BC22B3900C538BC /* a7.cpp */; };
/* End PBXBuildFile section */

/* Begin PBXCopyFilesBuildPhase section */
		856FF18D1BC1AEAE00F38006 /* CopyFiles */ = {
			isa = PBXCopyFilesBuildPhase;
			buildActionMask = 2147483647;
			dstPath = /usr/share/man/man1/;
			dstSubfolderSpec = 0;
			files = (
			);
			runOnlyForDeploymentPostprocessing = 1;
		};
/* End PBXCopyFilesBuildPhase section */

/* Begin PBXFileReference section */
		8500C4431BC2279400C538BC /* string_class.cpp */ = {isa = PBXFileReference; fileEncoding = 4; lastKnownFileType = sourcecode.cpp.cpp; path = string_class.cpp; sourceTree = "<group>"; };
		8500C4451BC22B3900C538BC /* a7.cpp */ = {isa = PBXFileReference; fileEncoding = 4; lastKnownFileType = sourcecode.cpp.cpp; path = a7.cpp; sourceTree = "<group>"; };
		856FF18F1BC1AEAE00F38006 /* Week 7 */ = {isa = PBXFileReference; explicitFileType = "compiled.mach-o.executable"; includeInIndex = 0; path = "Week 7"; sourceTree = BUILT_PRODUCTS_DIR; };
		856FF1921BC1AEAE00F38006 /* strstr2.cpp */ = {isa = PBXFileReference; lastKnownFileType = sourcecode.cpp.cpp; path = strstr2.cpp; sourceTree = "<group>"; };
		856FF1991BC1B73C00F38006 /* strstr.cpp */ = {isa = PBXFileReference; fileEncoding = 4; lastKnownFileType = sourcecode.cpp.cpp; path = strstr.cpp; sourceTree = "<group>"; };
		856FF19C1BC1C54900F38006 /* strcmp.cpp */ = {isa = PBXFileReference; fileEncoding = 4; lastKnownFileType = sourcecode.cpp.cpp; path = strcmp.cpp; sourceTree = "<group>"; };
		856FF19E1BC1C7D500F38006 /* strcmp2.cpp */ = {isa = PBXFileReference; fileEncoding = 4; lastKnownFileType = sourcecode.cpp.cpp; path = strcmp2.cpp; sourceTree = "<group>"; };
		856FF1A21BC1D62000F38006 /* strcmp3.cpp */ = {isa = PBXFileReference; fileEncoding = 4; lastKnownFileType = sourcecode.cpp.cpp; path = strcmp3.cpp; sourceTree = "<group>"; };
		856FF1A41BC1E00000F38006 /* cstrg_pointers.cpp */ = {isa = PBXFileReference; fileEncoding = 4; lastKnownFileType = sourcecode.cpp.cpp; path = cstrg_pointers.cpp; sourceTree = "<group>"; };
/* End PBXFileReference section */

/* Begin PBXFrameworksBuildPhase section */
		856FF18C1BC1AEAE00F38006 /* Frameworks */ = {
			isa = PBXFrameworksBuildPhase;
			buildActionMask = 2147483647;
			files = (
			);
			runOnlyForDeploymentPostprocessing = 0;
		};
/* End PBXFrameworksBuildPhase section */

/* Begin PBXGroup section */
		856FF1861BC1AEAD00F38006 = {
			isa = PBXGroup;
			children = (
				856FF1911BC1AEAE00F38006 /* Week 7 */,
				856FF1901BC1AEAE00F38006 /* Products */,
			);
			sourceTree = "<group>";
		};
		856FF1901BC1AEAE00F38006 /* Products */ = {
			isa = PBXGroup;
			children = (
				856FF18F1BC1AEAE00F38006 /* Week 7 */,
			);
			name = Products;
			sourceTree = "<group>";
		};
		856FF1911BC1AEAE00F38006 /* Week 7 */ = {
			isa = PBXGroup;
			children = (
				856FF1A21BC1D62000F38006 /* strcmp3.cpp */,
				8500C4431BC2279400C538BC /* string_class.cpp */,
				8500C4451BC22B3900C538BC /* a7.cpp */,
				856FF1A41BC1E00000F38006 /* cstrg_pointers.cpp */,
				856FF1921BC1AEAE00F38006 /* strstr2.cpp */,
				856FF19C1BC1C54900F38006 /* strcmp.cpp */,
				856FF19E1BC1C7D500F38006 /* strcmp2.cpp */,
				856FF1991BC1B73C00F38006 /* strstr.cpp */,
			);
			path = "Week 7";
			sourceTree = "<group>";
		};
/* End PBXGroup section */

/* Begin PBXNativeTarget section */
		856FF18E1BC1AEAE00F38006 /* Week 7 */ = {
			isa = PBXNativeTarget;
			buildConfigurationList = 856FF1961BC1AEAE00F38006 /* Build configuration list for PBXNativeTarget "Week 7" */;
			buildPhases = (
				856FF18B1BC1AEAE00F38006 /* Sources */,
				856FF18C1BC1AEAE00F38006 /* Frameworks */,
				856FF18D1BC1AEAE00F38006 /* CopyFiles */,
			);
			buildRules = (
			);
			dependencies = (
			);
			name = "Week 7";
			productName = "Week 7";
			productReference = 856FF18F1BC1AEAE00F38006 /* Week 7 */;
			productType = "com.apple.product-type.tool";
		};
/* End PBXNativeTarget section */

/* Begin PBXProject section */
		856FF1871BC1AEAD00F38006 /* Project object */ = {
			isa = PBXProject;
			attributes = {
				LastUpgradeCheck = 0620;
				ORGANIZATIONNAME = "Chris Bastian";
				TargetAttributes = {
					856FF18E1BC1AEAE00F38006 = {
						CreatedOnToolsVersion = 6.2;
					};
				};
			};
			buildConfigurationList = 856FF18A1BC1AEAD00F38006 /* Build configuration list for PBXProject "Week 7" */;
			compatibilityVersion = "Xcode 3.2";
			developmentRegion = English;
			hasScannedForEncodings = 0;
			knownRegions = (
				en,
			);
			mainGroup = 856FF1861BC1AEAD00F38006;
			productRefGroup = 856FF1901BC1AEAE00F38006 /* Products */;
			projectDirPath = "";
			projectRoot = "";
			targets = (
				856FF18E1BC1AEAE00F38006 /* Week 7 */,
			);
		};
/* End PBXProject section */

/* Begin PBXSourcesBuildPhase section */
		856FF18B1BC1AEAE00F38006 /* Sources */ = {
			isa = PBXSourcesBuildPhase;
			buildActionMask = 2147483647;
			files = (
				8500C4481BC23B0600C538BC /* a7.cpp in Sources */,
			);
			runOnlyForDeploymentPostprocessing = 0;
		};
/* End PBXSourcesBuildPhase section */

/* Begin XCBuildConfiguration section */
		856FF1941BC1AEAE00F38006 /* Debug */ = {
			isa = XCBuildConfiguration;
			buildSettings = {
				ALWAYS_SEARCH_USER_PATHS = NO;
				CLANG_CXX_LANGUAGE_STANDARD = "gnu++0x";
				CLANG_CXX_LIBRARY = "libc++";
				CLANG_ENABLE_MODULES = YES;
				CLANG_ENABLE_OBJC_ARC = YES;
				CLANG_WARN_BOOL_CONVERSION = YES;
				CLANG_WARN_CONSTANT_CONVERSION = YES;
				CLANG_WARN_DIRECT_OBJC_ISA_USAGE = YES_ERROR;
				CLANG_WARN_EMPTY_BODY = YES;
				CLANG_WARN_ENUM_CONVERSION = YES;
				CLANG_WARN_INT_CONVERSION = YES;
				CLANG_WARN_OBJC_ROOT_CLASS = YES_ERROR;
				CLANG_WARN_UNREACHABLE_CODE = YES;
				CLANG_WARN__DUPLICATE_METHOD_MATCH = YES;
				COPY_PHASE_STRIP = NO;
				ENABLE_STRICT_OBJC_MSGSEND = YES;
				GCC_C_LANGUAGE_STANDARD = gnu99;
				GCC_DYNAMIC_NO_PIC = NO;
				GCC_OPTIMIZATION_LEVEL = 0;
				GCC_PREPROCESSOR_DEFINITIONS = (
					"DEBUG=1",
					"$(inherited)",
				);
				GCC_SYMBOLS_PRIVATE_EXTERN = NO;
				GCC_WARN_64_TO_32_BIT_CONVERSION = YES;
				GCC_WARN_ABOUT_RETURN_TYPE = YES_ERROR;
				GCC_WARN_UNDECLARED_SELECTOR = YES;
				GCC_WARN_UNINITIALIZED_AUTOS = YES_AGGRESSIVE;
				GCC_WARN_UNUSED_FUNCTION = YES;
				GCC_WARN_UNUSED_VARIABLE = YES;
				MACOSX_DEPLOYMENT_TARGET = 10.9;
				MTL_ENABLE_DEBUG_INFO = YES;
				ONLY_ACTIVE_ARCH = YES;
				SDKROOT = macosx;
			};
			name = Debug;
		};
		856FF1951BC1AEAE00F38006 /* Release */ = {
			isa = XCBuildConfiguration;
			buildSettings = {
				ALWAYS_SEARCH_USER_PATHS = NO;
				CLANG_CXX_LANGUAGE_STANDARD = "gnu++0x";
				CLANG_CXX_LIBRARY = "libc++";
				CLANG_ENABLE_MODULES = YES;
				CLANG_ENABLE_OBJC_ARC = YES;
				CLANG_WARN_BOOL_CONVERSION = YES;
				CLANG_WARN_CONSTANT_CONVERSION = YES;
				CLANG_WARN_DIRECT_OBJC_ISA_USAGE = YES_ERROR;
				CLANG_WARN_EMPTY_BODY = YES;
				CLANG_WARN_ENUM_CONVERSION = YES;
				CLANG_WARN_INT_CONVERSION = YES;
				CLANG_WARN_OBJC_ROOT_CLASS = YES_ERROR;
				CLANG_WARN_UNREACHABLE_CODE = YES;
				CLANG_WARN__DUPLICATE_METHOD_MATCH = YES;
				COPY_PHASE_STRIP = NO;
				DEBUG_INFORMATION_FORMAT = "dwarf-with-dsym";
				ENABLE_NS_ASSERTIONS = NO;
				ENABLE_STRICT_OBJC_MSGSEND = YES;
				GCC_C_LANGUAGE_STANDARD = gnu99;
				GCC_WARN_64_TO_32_BIT_CONVERSION = YES;
				GCC_WARN_ABOUT_RETURN_TYPE = YES_ERROR;
				GCC_WARN_UNDECLARED_SELECTOR = YES;
				GCC_WARN_UNINITIALIZED_AUTOS = YES_AGGRESSIVE;
				GCC_WARN_UNUSED_FUNCTION = YES;
				GCC_WARN_UNUSED_VARIABLE = YES;
				MACOSX_DEPLOYMENT_TARGET = 10.9;
				MTL_ENABLE_DEBUG_INFO = NO;
				SDKROOT = macosx;
			};
			name = Release;
		};
		856FF1971BC1AEAE00F38006 /* Debug */ = {
			isa = XCBuildConfiguration;
			buildSettings = {
				PRODUCT_NAME = "$(TARGET_NAME)";
			};
			name = Debug;
		};
		856FF1981BC1AEAE00F38006 /* Release */ = {
			isa = XCBuildConfiguration;
			buildSettings = {
				PRODUCT_NAME = "$(TARGET_NAME)";
			};
			name = Release;
		};
/* End XCBuildConfiguration section */

/* Begin XCConfigurationList section */
		856FF18A1BC1AEAD00F38006 /* Build configuration list for PBXProject "Week 7" */ = {
			isa = XCConfigurationList;
			buildConfigurations = (
				856FF1941BC1AEAE00F38006 /* Debug */,
				856FF1951BC1AEAE00F38006 /* Release */,
			);
			defaultConfigurationIsVisible = 0;
			defaultConfigurationName = Release;
		};
		856FF1961BC1AEAE00F38006 /* Build configuration list for PBXNativeTarget "Week 7" */ = {
			isa = XCConfigurationList;
			buildConfigurations = (
				856FF1971BC1AEAE00F38006 /* Debug */,
				856FF1981BC1AEAE00F38006 /* Release */,
			);
			defaultConfigurationIsVisible = 0;
			defaultConfigurationName = Release;
		};
/* End XCConfigurationList section */
	};
	rootObject = 856FF1871BC1AEAD00F38006 /* Project object */;
}
