// !$*UTF8*$!
{
	archiveVersion = 1;
	classes = {
	};
	objectVersion = 46;
	objects = {

/* Begin PBXBuildFile section */
		8584A2051C1614A600C6014F /* Creaturetest.cpp in Sources */ = {isa = PBXBuildFile; fileRef = 8584A1F91C1614A600C6014F /* Creaturetest.cpp */; };
		8584A2061C1614A600C6014F /* Balrog.cpp in Sources */ = {isa = PBXBuildFile; fileRef = 8584A1FB1C1614A600C6014F /* Balrog.cpp */; };
		8584A2071C1614A600C6014F /* Creature.cpp in Sources */ = {isa = PBXBuildFile; fileRef = 8584A1FD1C1614A600C6014F /* Creature.cpp */; };
		8584A2081C1614A600C6014F /* Cyberdemon.cpp in Sources */ = {isa = PBXBuildFile; fileRef = 8584A1FE1C1614A600C6014F /* Cyberdemon.cpp */; };
		8584A2091C1614A600C6014F /* Demon.cpp in Sources */ = {isa = PBXBuildFile; fileRef = 8584A2001C1614A600C6014F /* Demon.cpp */; };
		8584A20A1C1614A600C6014F /* Elf.cpp in Sources */ = {isa = PBXBuildFile; fileRef = 8584A2021C1614A600C6014F /* Elf.cpp */; };
		8584A20B1C1614A600C6014F /* Human.cpp in Sources */ = {isa = PBXBuildFile; fileRef = 8584A2041C1614A600C6014F /* Human.cpp */; };
/* End PBXBuildFile section */

/* Begin PBXCopyFilesBuildPhase section */
		853368ED1C1011F600743C84 /* CopyFiles */ = {
			isa = PBXCopyFilesBuildPhase;
			buildActionMask = 2147483647;
			dstPath = /usr/share/man/man1/;
			dstSubfolderSpec = 0;
			files = (
			);
			runOnlyForDeploymentPostprocessing = 1;
		};
/* End PBXCopyFilesBuildPhase section */

/* Begin PBXFileReference section */
		853368EF1C1011F600743C84 /* Week 16 */ = {isa = PBXFileReference; explicitFileType = "compiled.mach-o.executable"; includeInIndex = 0; path = "Week 16"; sourceTree = BUILT_PRODUCTS_DIR; };
		853368F21C1011F600743C84 /* virtual.cpp */ = {isa = PBXFileReference; lastKnownFileType = sourcecode.cpp.cpp; path = virtual.cpp; sourceTree = "<group>"; };
		853368F91C150B3A00743C84 /* virtual_reference.cpp */ = {isa = PBXFileReference; fileEncoding = 4; lastKnownFileType = sourcecode.cpp.cpp; path = virtual_reference.cpp; sourceTree = "<group>"; };
		8584A1F21C160B8E00C6014F /* GradedActivity.h */ = {isa = PBXFileReference; lastKnownFileType = sourcecode.c.h; path = GradedActivity.h; sourceTree = "<group>"; };
		8584A1F31C160BB200C6014F /* PassFailActivity.h */ = {isa = PBXFileReference; lastKnownFileType = sourcecode.c.h; path = PassFailActivity.h; sourceTree = "<group>"; };
		8584A1F41C160D2300C6014F /* PassFailActivityTest.cpp */ = {isa = PBXFileReference; fileEncoding = 4; lastKnownFileType = sourcecode.cpp.cpp; path = PassFailActivityTest.cpp; sourceTree = "<group>"; };
		8584A1F61C160F2900C6014F /* GradedActivity.cpp */ = {isa = PBXFileReference; fileEncoding = 4; lastKnownFileType = sourcecode.cpp.cpp; path = GradedActivity.cpp; sourceTree = "<group>"; };
		8584A1F81C1614A600C6014F /* Creature.h */ = {isa = PBXFileReference; fileEncoding = 4; lastKnownFileType = sourcecode.c.h; path = Creature.h; sourceTree = "<group>"; };
		8584A1F91C1614A600C6014F /* Creaturetest.cpp */ = {isa = PBXFileReference; fileEncoding = 4; lastKnownFileType = sourcecode.cpp.cpp; path = Creaturetest.cpp; sourceTree = "<group>"; };
		8584A1FA1C1614A600C6014F /* Human.h */ = {isa = PBXFileReference; fileEncoding = 4; lastKnownFileType = sourcecode.c.h; path = Human.h; sourceTree = "<group>"; };
		8584A1FB1C1614A600C6014F /* Balrog.cpp */ = {isa = PBXFileReference; fileEncoding = 4; lastKnownFileType = sourcecode.cpp.cpp; path = Balrog.cpp; sourceTree = "<group>"; };
		8584A1FC1C1614A600C6014F /* Balrog.h */ = {isa = PBXFileReference; fileEncoding = 4; lastKnownFileType = sourcecode.c.h; path = Balrog.h; sourceTree = "<group>"; };
		8584A1FD1C1614A600C6014F /* Creature.cpp */ = {isa = PBXFileReference; fileEncoding = 4; lastKnownFileType = sourcecode.cpp.cpp; path = Creature.cpp; sourceTree = "<group>"; };
		8584A1FE1C1614A600C6014F /* Cyberdemon.cpp */ = {isa = PBXFileReference; fileEncoding = 4; lastKnownFileType = sourcecode.cpp.cpp; path = Cyberdemon.cpp; sourceTree = "<group>"; };
		8584A1FF1C1614A600C6014F /* Cyberdemon.h */ = {isa = PBXFileReference; fileEncoding = 4; lastKnownFileType = sourcecode.c.h; path = Cyberdemon.h; sourceTree = "<group>"; };
		8584A2001C1614A600C6014F /* Demon.cpp */ = {isa = PBXFileReference; fileEncoding = 4; lastKnownFileType = sourcecode.cpp.cpp; path = Demon.cpp; sourceTree = "<group>"; };
		8584A2011C1614A600C6014F /* Demon.h */ = {isa = PBXFileReference; fileEncoding = 4; lastKnownFileType = sourcecode.c.h; path = Demon.h; sourceTree = "<group>"; };
		8584A2021C1614A600C6014F /* Elf.cpp */ = {isa = PBXFileReference; fileEncoding = 4; lastKnownFileType = sourcecode.cpp.cpp; path = Elf.cpp; sourceTree = "<group>"; };
		8584A2031C1614A600C6014F /* Elf.h */ = {isa = PBXFileReference; fileEncoding = 4; lastKnownFileType = sourcecode.c.h; path = Elf.h; sourceTree = "<group>"; };
		8584A2041C1614A600C6014F /* Human.cpp */ = {isa = PBXFileReference; fileEncoding = 4; lastKnownFileType = sourcecode.cpp.cpp; path = Human.cpp; sourceTree = "<group>"; };
/* End PBXFileReference section */

/* Begin PBXFrameworksBuildPhase section */
		853368EC1C1011F600743C84 /* Frameworks */ = {
			isa = PBXFrameworksBuildPhase;
			buildActionMask = 2147483647;
			files = (
			);
			runOnlyForDeploymentPostprocessing = 0;
		};
/* End PBXFrameworksBuildPhase section */

/* Begin PBXGroup section */
		853368E61C1011F600743C84 = {
			isa = PBXGroup;
			children = (
				853368F11C1011F600743C84 /* Week 16 */,
				853368F01C1011F600743C84 /* Products */,
			);
			sourceTree = "<group>";
		};
		853368F01C1011F600743C84 /* Products */ = {
			isa = PBXGroup;
			children = (
				853368EF1C1011F600743C84 /* Week 16 */,
			);
			name = Products;
			sourceTree = "<group>";
		};
		853368F11C1011F600743C84 /* Week 16 */ = {
			isa = PBXGroup;
			children = (
				853368F21C1011F600743C84 /* virtual.cpp */,
				8584A1F81C1614A600C6014F /* Creature.h */,
				8584A1F91C1614A600C6014F /* Creaturetest.cpp */,
				8584A1FA1C1614A600C6014F /* Human.h */,
				8584A1FB1C1614A600C6014F /* Balrog.cpp */,
				8584A1FC1C1614A600C6014F /* Balrog.h */,
				8584A1FD1C1614A600C6014F /* Creature.cpp */,
				8584A1FE1C1614A600C6014F /* Cyberdemon.cpp */,
				8584A1FF1C1614A600C6014F /* Cyberdemon.h */,
				8584A2001C1614A600C6014F /* Demon.cpp */,
				8584A2011C1614A600C6014F /* Demon.h */,
				8584A2021C1614A600C6014F /* Elf.cpp */,
				8584A2031C1614A600C6014F /* Elf.h */,
				8584A2041C1614A600C6014F /* Human.cpp */,
				853368F91C150B3A00743C84 /* virtual_reference.cpp */,
				8584A1F21C160B8E00C6014F /* GradedActivity.h */,
				8584A1F61C160F2900C6014F /* GradedActivity.cpp */,
				8584A1F31C160BB200C6014F /* PassFailActivity.h */,
				8584A1F41C160D2300C6014F /* PassFailActivityTest.cpp */,
			);
			path = "Week 16";
			sourceTree = "<group>";
		};
/* End PBXGroup section */

/* Begin PBXNativeTarget section */
		853368EE1C1011F600743C84 /* Week 16 */ = {
			isa = PBXNativeTarget;
			buildConfigurationList = 853368F61C1011F600743C84 /* Build configuration list for PBXNativeTarget "Week 16" */;
			buildPhases = (
				853368EB1C1011F600743C84 /* Sources */,
				853368EC1C1011F600743C84 /* Frameworks */,
				853368ED1C1011F600743C84 /* CopyFiles */,
			);
			buildRules = (
			);
			dependencies = (
			);
			name = "Week 16";
			productName = "Week 16";
			productReference = 853368EF1C1011F600743C84 /* Week 16 */;
			productType = "com.apple.product-type.tool";
		};
/* End PBXNativeTarget section */

/* Begin PBXProject section */
		853368E71C1011F600743C84 /* Project object */ = {
			isa = PBXProject;
			attributes = {
				LastUpgradeCheck = 0620;
				ORGANIZATIONNAME = "Chris Bastian";
				TargetAttributes = {
					853368EE1C1011F600743C84 = {
						CreatedOnToolsVersion = 6.2;
					};
				};
			};
			buildConfigurationList = 853368EA1C1011F600743C84 /* Build configuration list for PBXProject "Week 16" */;
			compatibilityVersion = "Xcode 3.2";
			developmentRegion = English;
			hasScannedForEncodings = 0;
			knownRegions = (
				en,
			);
			mainGroup = 853368E61C1011F600743C84;
			productRefGroup = 853368F01C1011F600743C84 /* Products */;
			projectDirPath = "";
			projectRoot = "";
			targets = (
				853368EE1C1011F600743C84 /* Week 16 */,
			);
		};
/* End PBXProject section */

/* Begin PBXSourcesBuildPhase section */
		853368EB1C1011F600743C84 /* Sources */ = {
			isa = PBXSourcesBuildPhase;
			buildActionMask = 2147483647;
			files = (
				8584A2071C1614A600C6014F /* Creature.cpp in Sources */,
				8584A2091C1614A600C6014F /* Demon.cpp in Sources */,
				8584A2051C1614A600C6014F /* Creaturetest.cpp in Sources */,
				8584A2081C1614A600C6014F /* Cyberdemon.cpp in Sources */,
				8584A2061C1614A600C6014F /* Balrog.cpp in Sources */,
				8584A20A1C1614A600C6014F /* Elf.cpp in Sources */,
				8584A20B1C1614A600C6014F /* Human.cpp in Sources */,
			);
			runOnlyForDeploymentPostprocessing = 0;
		};
/* End PBXSourcesBuildPhase section */

/* Begin XCBuildConfiguration section */
		853368F41C1011F600743C84 /* Debug */ = {
			isa = XCBuildConfiguration;
			buildSettings = {
				ALWAYS_SEARCH_USER_PATHS = NO;
				CLANG_CXX_LANGUAGE_STANDARD = "gnu++0x";
				CLANG_CXX_LIBRARY = "libc++";
				CLANG_ENABLE_MODULES = YES;
				CLANG_ENABLE_OBJC_ARC = YES;
				CLANG_WARN_BOOL_CONVERSION = YES;
				CLANG_WARN_CONSTANT_CONVERSION = YES;
				CLANG_WARN_DIRECT_OBJC_ISA_USAGE = YES_ERROR;
				CLANG_WARN_EMPTY_BODY = YES;
				CLANG_WARN_ENUM_CONVERSION = YES;
				CLANG_WARN_INT_CONVERSION = YES;
				CLANG_WARN_OBJC_ROOT_CLASS = YES_ERROR;
				CLANG_WARN_UNREACHABLE_CODE = YES;
				CLANG_WARN__DUPLICATE_METHOD_MATCH = YES;
				COPY_PHASE_STRIP = NO;
				ENABLE_STRICT_OBJC_MSGSEND = YES;
				GCC_C_LANGUAGE_STANDARD = gnu99;
				GCC_DYNAMIC_NO_PIC = NO;
				GCC_OPTIMIZATION_LEVEL = 0;
				GCC_PREPROCESSOR_DEFINITIONS = (
					"DEBUG=1",
					"$(inherited)",
				);
				GCC_SYMBOLS_PRIVATE_EXTERN = NO;
				GCC_WARN_64_TO_32_BIT_CONVERSION = YES;
				GCC_WARN_ABOUT_RETURN_TYPE = YES_ERROR;
				GCC_WARN_UNDECLARED_SELECTOR = YES;
				GCC_WARN_UNINITIALIZED_AUTOS = YES_AGGRESSIVE;
				GCC_WARN_UNUSED_FUNCTION = YES;
				GCC_WARN_UNUSED_VARIABLE = YES;
				MACOSX_DEPLOYMENT_TARGET = 10.9;
				MTL_ENABLE_DEBUG_INFO = YES;
				ONLY_ACTIVE_ARCH = YES;
				SDKROOT = macosx;
			};
			name = Debug;
		};
		853368F51C1011F600743C84 /* Release */ = {
			isa = XCBuildConfiguration;
			buildSettings = {
				ALWAYS_SEARCH_USER_PATHS = NO;
				CLANG_CXX_LANGUAGE_STANDARD = "gnu++0x";
				CLANG_CXX_LIBRARY = "libc++";
				CLANG_ENABLE_MODULES = YES;
				CLANG_ENABLE_OBJC_ARC = YES;
				CLANG_WARN_BOOL_CONVERSION = YES;
				CLANG_WARN_CONSTANT_CONVERSION = YES;
				CLANG_WARN_DIRECT_OBJC_ISA_USAGE = YES_ERROR;
				CLANG_WARN_EMPTY_BODY = YES;
				CLANG_WARN_ENUM_CONVERSION = YES;
				CLANG_WARN_INT_CONVERSION = YES;
				CLANG_WARN_OBJC_ROOT_CLASS = YES_ERROR;
				CLANG_WARN_UNREACHABLE_CODE = YES;
				CLANG_WARN__DUPLICATE_METHOD_MATCH = YES;
				COPY_PHASE_STRIP = NO;
				DEBUG_INFORMATION_FORMAT = "dwarf-with-dsym";
				ENABLE_NS_ASSERTIONS = NO;
				ENABLE_STRICT_OBJC_MSGSEND = YES;
				GCC_C_LANGUAGE_STANDARD = gnu99;
				GCC_WARN_64_TO_32_BIT_CONVERSION = YES;
				GCC_WARN_ABOUT_RETURN_TYPE = YES_ERROR;
				GCC_WARN_UNDECLARED_SELECTOR = YES;
				GCC_WARN_UNINITIALIZED_AUTOS = YES_AGGRESSIVE;
				GCC_WARN_UNUSED_FUNCTION = YES;
				GCC_WARN_UNUSED_VARIABLE = YES;
				MACOSX_DEPLOYMENT_TARGET = 10.9;
				MTL_ENABLE_DEBUG_INFO = NO;
				SDKROOT = macosx;
			};
			name = Release;
		};
		853368F71C1011F600743C84 /* Debug */ = {
			isa = XCBuildConfiguration;
			buildSettings = {
				PRODUCT_NAME = "$(TARGET_NAME)";
			};
			name = Debug;
		};
		853368F81C1011F600743C84 /* Release */ = {
			isa = XCBuildConfiguration;
			buildSettings = {
				PRODUCT_NAME = "$(TARGET_NAME)";
			};
			name = Release;
		};
/* End XCBuildConfiguration section */

/* Begin XCConfigurationList section */
		853368EA1C1011F600743C84 /* Build configuration list for PBXProject "Week 16" */ = {
			isa = XCConfigurationList;
			buildConfigurations = (
				853368F41C1011F600743C84 /* Debug */,
				853368F51C1011F600743C84 /* Release */,
			);
			defaultConfigurationIsVisible = 0;
			defaultConfigurationName = Release;
		};
		853368F61C1011F600743C84 /* Build configuration list for PBXNativeTarget "Week 16" */ = {
			isa = XCConfigurationList;
			buildConfigurations = (
				853368F71C1011F600743C84 /* Debug */,
				853368F81C1011F600743C84 /* Release */,
			);
			defaultConfigurationIsVisible = 0;
			defaultConfigurationName = Release;
		};
/* End XCConfigurationList section */
	};
	rootObject = 853368E71C1011F600743C84 /* Project object */;
}
