// !$*UTF8*$!
{
	archiveVersion = 1;
	classes = {
	};
	objectVersion = 46;
	objects = {

/* Begin PBXBuildFile section */
		856D41931BFD0644009F4A65 /* employee.cpp in Sources */ = {isa = PBXBuildFile; fileRef = 856D41921BFD0644009F4A65 /* employee.cpp */; };
/* End PBXBuildFile section */

/* Begin PBXCopyFilesBuildPhase section */
		856D418D1BFD0644009F4A65 /* CopyFiles */ = {
			isa = PBXCopyFilesBuildPhase;
			buildActionMask = 2147483647;
			dstPath = /usr/share/man/man1/;
			dstSubfolderSpec = 0;
			files = (
			);
			runOnlyForDeploymentPostprocessing = 1;
		};
/* End PBXCopyFilesBuildPhase section */

/* Begin PBXFileReference section */
		856D418F1BFD0644009F4A65 /* Week 14 */ = {isa = PBXFileReference; explicitFileType = "compiled.mach-o.executable"; includeInIndex = 0; path = "Week 14"; sourceTree = BUILT_PRODUCTS_DIR; };
		856D41921BFD0644009F4A65 /* employee.cpp */ = {isa = PBXFileReference; lastKnownFileType = sourcecode.cpp.cpp; path = employee.cpp; sourceTree = "<group>"; };
		856D41991BFD0867009F4A65 /* employee.h */ = {isa = PBXFileReference; fileEncoding = 4; lastKnownFileType = sourcecode.c.h; path = employee.h; sourceTree = "<group>"; };
		856D419A1BFD0C7A009F4A65 /* hourlyemp.h */ = {isa = PBXFileReference; fileEncoding = 4; lastKnownFileType = sourcecode.c.h; path = hourlyemp.h; sourceTree = "<group>"; };
/* End PBXFileReference section */

/* Begin PBXFrameworksBuildPhase section */
		856D418C1BFD0644009F4A65 /* Frameworks */ = {
			isa = PBXFrameworksBuildPhase;
			buildActionMask = 2147483647;
			files = (
			);
			runOnlyForDeploymentPostprocessing = 0;
		};
/* End PBXFrameworksBuildPhase section */

/* Begin PBXGroup section */
		856D41861BFD0644009F4A65 = {
			isa = PBXGroup;
			children = (
				856D41911BFD0644009F4A65 /* Week 14 */,
				856D41901BFD0644009F4A65 /* Products */,
			);
			sourceTree = "<group>";
		};
		856D41901BFD0644009F4A65 /* Products */ = {
			isa = PBXGroup;
			children = (
				856D418F1BFD0644009F4A65 /* Week 14 */,
			);
			name = Products;
			sourceTree = "<group>";
		};
		856D41911BFD0644009F4A65 /* Week 14 */ = {
			isa = PBXGroup;
			children = (
				856D41921BFD0644009F4A65 /* employee.cpp */,
				856D419A1BFD0C7A009F4A65 /* hourlyemp.h */,
				856D41991BFD0867009F4A65 /* employee.h */,
			);
			path = "Week 14";
			sourceTree = "<group>";
		};
/* End PBXGroup section */

/* Begin PBXNativeTarget section */
		856D418E1BFD0644009F4A65 /* Week 14 */ = {
			isa = PBXNativeTarget;
			buildConfigurationList = 856D41961BFD0644009F4A65 /* Build configuration list for PBXNativeTarget "Week 14" */;
			buildPhases = (
				856D418B1BFD0644009F4A65 /* Sources */,
				856D418C1BFD0644009F4A65 /* Frameworks */,
				856D418D1BFD0644009F4A65 /* CopyFiles */,
			);
			buildRules = (
			);
			dependencies = (
			);
			name = "Week 14";
			productName = "Week 14";
			productReference = 856D418F1BFD0644009F4A65 /* Week 14 */;
			productType = "com.apple.product-type.tool";
		};
/* End PBXNativeTarget section */

/* Begin PBXProject section */
		856D41871BFD0644009F4A65 /* Project object */ = {
			isa = PBXProject;
			attributes = {
				LastUpgradeCheck = 0620;
				ORGANIZATIONNAME = "Chris Bastian";
				TargetAttributes = {
					856D418E1BFD0644009F4A65 = {
						CreatedOnToolsVersion = 6.2;
					};
				};
			};
			buildConfigurationList = 856D418A1BFD0644009F4A65 /* Build configuration list for PBXProject "Week 14" */;
			compatibilityVersion = "Xcode 3.2";
			developmentRegion = English;
			hasScannedForEncodings = 0;
			knownRegions = (
				en,
			);
			mainGroup = 856D41861BFD0644009F4A65;
			productRefGroup = 856D41901BFD0644009F4A65 /* Products */;
			projectDirPath = "";
			projectRoot = "";
			targets = (
				856D418E1BFD0644009F4A65 /* Week 14 */,
			);
		};
/* End PBXProject section */

/* Begin PBXSourcesBuildPhase section */
		856D418B1BFD0644009F4A65 /* Sources */ = {
			isa = PBXSourcesBuildPhase;
			buildActionMask = 2147483647;
			files = (
				856D41931BFD0644009F4A65 /* employee.cpp in Sources */,
			);
			runOnlyForDeploymentPostprocessing = 0;
		};
/* End PBXSourcesBuildPhase section */

/* Begin XCBuildConfiguration section */
		856D41941BFD0644009F4A65 /* Debug */ = {
			isa = XCBuildConfiguration;
			buildSettings = {
				ALWAYS_SEARCH_USER_PATHS = NO;
				CLANG_CXX_LANGUAGE_STANDARD = "gnu++0x";
				CLANG_CXX_LIBRARY = "libc++";
				CLANG_ENABLE_MODULES = YES;
				CLANG_ENABLE_OBJC_ARC = YES;
				CLANG_WARN_BOOL_CONVERSION = YES;
				CLANG_WARN_CONSTANT_CONVERSION = YES;
				CLANG_WARN_DIRECT_OBJC_ISA_USAGE = YES_ERROR;
				CLANG_WARN_EMPTY_BODY = YES;
				CLANG_WARN_ENUM_CONVERSION = YES;
				CLANG_WARN_INT_CONVERSION = YES;
				CLANG_WARN_OBJC_ROOT_CLASS = YES_ERROR;
				CLANG_WARN_UNREACHABLE_CODE = YES;
				CLANG_WARN__DUPLICATE_METHOD_MATCH = YES;
				COPY_PHASE_STRIP = NO;
				ENABLE_STRICT_OBJC_MSGSEND = YES;
				GCC_C_LANGUAGE_STANDARD = gnu99;
				GCC_DYNAMIC_NO_PIC = NO;
				GCC_OPTIMIZATION_LEVEL = 0;
				GCC_PREPROCESSOR_DEFINITIONS = (
					"DEBUG=1",
					"$(inherited)",
				);
				GCC_SYMBOLS_PRIVATE_EXTERN = NO;
				GCC_WARN_64_TO_32_BIT_CONVERSION = YES;
				GCC_WARN_ABOUT_RETURN_TYPE = YES_ERROR;
				GCC_WARN_UNDECLARED_SELECTOR = YES;
				GCC_WARN_UNINITIALIZED_AUTOS = YES_AGGRESSIVE;
				GCC_WARN_UNUSED_FUNCTION = YES;
				GCC_WARN_UNUSED_VARIABLE = YES;
				MACOSX_DEPLOYMENT_TARGET = 10.9;
				MTL_ENABLE_DEBUG_INFO = YES;
				ONLY_ACTIVE_ARCH = YES;
				SDKROOT = macosx;
			};
			name = Debug;
		};
		856D41951BFD0644009F4A65 /* Release */ = {
			isa = XCBuildConfiguration;
			buildSettings = {
				ALWAYS_SEARCH_USER_PATHS = NO;
				CLANG_CXX_LANGUAGE_STANDARD = "gnu++0x";
				CLANG_CXX_LIBRARY = "libc++";
				CLANG_ENABLE_MODULES = YES;
				CLANG_ENABLE_OBJC_ARC = YES;
				CLANG_WARN_BOOL_CONVERSION = YES;
				CLANG_WARN_CONSTANT_CONVERSION = YES;
				CLANG_WARN_DIRECT_OBJC_ISA_USAGE = YES_ERROR;
				CLANG_WARN_EMPTY_BODY = YES;
				CLANG_WARN_ENUM_CONVERSION = YES;
				CLANG_WARN_INT_CONVERSION = YES;
				CLANG_WARN_OBJC_ROOT_CLASS = YES_ERROR;
				CLANG_WARN_UNREACHABLE_CODE = YES;
				CLANG_WARN__DUPLICATE_METHOD_MATCH = YES;
				COPY_PHASE_STRIP = NO;
				DEBUG_INFORMATION_FORMAT = "dwarf-with-dsym";
				ENABLE_NS_ASSERTIONS = NO;
				ENABLE_STRICT_OBJC_MSGSEND = YES;
				GCC_C_LANGUAGE_STANDARD = gnu99;
				GCC_WARN_64_TO_32_BIT_CONVERSION = YES;
				GCC_WARN_ABOUT_RETURN_TYPE = YES_ERROR;
				GCC_WARN_UNDECLARED_SELECTOR = YES;
				GCC_WARN_UNINITIALIZED_AUTOS = YES_AGGRESSIVE;
				GCC_WARN_UNUSED_FUNCTION = YES;
				GCC_WARN_UNUSED_VARIABLE = YES;
				MACOSX_DEPLOYMENT_TARGET = 10.9;
				MTL_ENABLE_DEBUG_INFO = NO;
				SDKROOT = macosx;
			};
			name = Release;
		};
		856D41971BFD0644009F4A65 /* Debug */ = {
			isa = XCBuildConfiguration;
			buildSettings = {
				PRODUCT_NAME = "$(TARGET_NAME)";
			};
			name = Debug;
		};
		856D41981BFD0644009F4A65 /* Release */ = {
			isa = XCBuildConfiguration;
			buildSettings = {
				PRODUCT_NAME = "$(TARGET_NAME)";
			};
			name = Release;
		};
/* End XCBuildConfiguration section */

/* Begin XCConfigurationList section */
		856D418A1BFD0644009F4A65 /* Build configuration list for PBXProject "Week 14" */ = {
			isa = XCConfigurationList;
			buildConfigurations = (
				856D41941BFD0644009F4A65 /* Debug */,
				856D41951BFD0644009F4A65 /* Release */,
			);
			defaultConfigurationIsVisible = 0;
			defaultConfigurationName = Release;
		};
		856D41961BFD0644009F4A65 /* Build configuration list for PBXNativeTarget "Week 14" */ = {
			isa = XCConfigurationList;
			buildConfigurations = (
				856D41971BFD0644009F4A65 /* Debug */,
				856D41981BFD0644009F4A65 /* Release */,
			);
			defaultConfigurationIsVisible = 0;
		};
/* End XCConfigurationList section */
	};
	rootObject = 856D41871BFD0644009F4A65 /* Project object */;
}
